
Microsoft Visual Studio Solution File, Format Version 12.00
# Visual Studio 2013
VisualStudioVersion = 12.0.40629.0
MinimumVisualStudioVersion = 10.0.40219.1
Project("{FAE04EC0-301F-11D3-BF4B-00C04F79EFBC}") = "Engine3D", "Engine3D\Engine3D.csproj", "{A7BCF0C8-3507-4EA4-A4B5-B70F80E0144B}"
EndProject
Project("{FAE04EC0-301F-11D3-BF4B-00C04F79EFBC}") = "Engine3D-Tests", "Engine3D\Engine3D-Tests\Engine3D-Tests.csproj", "{646CE684-9ABD-4178-B256-55D0D0387985}"
EndProject
Project("{2150E333-8FDC-42A3-9474-1A3956D46DE8}") = ".nuget", ".nuget", "{8FC33927-5A07-494A-8971-71FB29DAEB8E}"
	ProjectSection(SolutionItems) = preProject
		.nuget\packages.config = .nuget\packages.config
	EndProjectSection
EndProject
Global
	GlobalSection(SolutionConfigurationPlatforms) = preSolution
		Debug|Any CPU = Debug|Any CPU
		Release|Any CPU = Release|Any CPU
	EndGlobalSection
	GlobalSection(ProjectConfigurationPlatforms) = postSolution
		{A7BCF0C8-3507-4EA4-A4B5-B70F80E0144B}.Debug|Any CPU.ActiveCfg = Debug|Any CPU
		{A7BCF0C8-3507-4EA4-A4B5-B70F80E0144B}.Debug|Any CPU.Build.0 = Debug|Any CPU
		{A7BCF0C8-3507-4EA4-A4B5-B70F80E0144B}.Release|Any CPU.ActiveCfg = Release|Any CPU
		{A7BCF0C8-3507-4EA4-A4B5-B70F80E0144B}.Release|Any CPU.Build.0 = Release|Any CPU
		{646CE684-9ABD-4178-B256-55D0D0387985}.Debug|Any CPU.ActiveCfg = Debug|Any CPU
		{646CE684-9ABD-4178-B256-55D0D0387985}.Debug|Any CPU.Build.0 = Debug|Any CPU
		{646CE684-9ABD-4178-B256-55D0D0387985}.Release|Any CPU.ActiveCfg = Release|Any CPU
		{646CE684-9ABD-4178-B256-55D0D0387985}.Release|Any CPU.Build.0 = Release|Any CPU
	EndGlobalSection
	GlobalSection(SolutionProperties) = preSolution
		HideSolutionNode = FALSE
	EndGlobalSection
EndGlobal
